
Microsoft Visual Studio Solution File, Format Version 12.00
# Visual Studio Version 17
VisualStudioVersion = 17.8.34330.188
MinimumVisualStudioVersion = 10.0.40219.1
Project("{FAE04EC0-301F-11D3-BF4B-00C04F79EFBC}") = "DiceRoller", "DiceRoller\DiceRoller.csproj", "{65C18AEA-CB99-4340-AAEB-F04BEAF3EE8E}"
EndProject
Global
	GlobalSection(SolutionConfigurationPlatforms) = preSolution
		Debug|Any CPU = Debug|Any CPU
		Release|Any CPU = Release|Any CPU
	EndGlobalSection
	GlobalSection(ProjectConfigurationPlatforms) = postSolution
		{65C18AEA-CB99-4340-AAEB-F04BEAF3EE8E}.Debug|Any CPU.ActiveCfg = Debug|Any CPU
		{65C18AEA-CB99-4340-AAEB-F04BEAF3EE8E}.Debug|Any CPU.Build.0 = Debug|Any CPU
		{65C18AEA-CB99-4340-AAEB-F04BEAF3EE8E}.Debug|Any CPU.Deploy.0 = Debug|Any CPU
		{65C18AEA-CB99-4340-AAEB-F04BEAF3EE8E}.Release|Any CPU.ActiveCfg = Release|Any CPU
		{65C18AEA-CB99-4340-AAEB-F04BEAF3EE8E}.Release|Any CPU.Build.0 = Release|Any CPU
		{65C18AEA-CB99-4340-AAEB-F04BEAF3EE8E}.Release|Any CPU.Deploy.0 = Release|Any CPU
	EndGlobalSection
	GlobalSection(SolutionProperties) = preSolution
		HideSolutionNode = FALSE
	EndGlobalSection
	GlobalSection(ExtensibilityGlobals) = postSolution
		SolutionGuid = {F0B2B3D7-16AB-41A6-B18D-7F4890A70216}
	EndGlobalSection
EndGlobal
